
Microsoft Visual Studio Solution File, Format Version 12.00
# Visual Studio Version 16
VisualStudioVersion = 16.0.28803.156
MinimumVisualStudioVersion = 10.0.40219.1
Project("{FAE04EC0-301F-11D3-BF4B-00C04F79EFBC}") = "ProjectRaisesGUI", "ProjectRaisesGUI.csproj", "{74BADF9B-22F5-4163-9C7E-A1FB20D57985}"
EndProject
Global
	GlobalSection(SolutionConfigurationPlatforms) = preSolution
		Debug|Any CPU = Debug|Any CPU
		Release|Any CPU = Release|Any CPU
	EndGlobalSection
	GlobalSection(ProjectConfigurationPlatforms) = postSolution
		{74BADF9B-22F5-4163-9C7E-A1FB20D57985}.Debug|Any CPU.ActiveCfg = Debug|Any CPU
		{74BADF9B-22F5-4163-9C7E-A1FB20D57985}.Debug|Any CPU.Build.0 = Debug|Any CPU
		{74BADF9B-22F5-4163-9C7E-A1FB20D57985}.Release|Any CPU.ActiveCfg = Release|Any CPU
		{74BADF9B-22F5-4163-9C7E-A1FB20D57985}.Release|Any CPU.Build.0 = Release|Any CPU
	EndGlobalSection
	GlobalSection(SolutionProperties) = preSolution
		HideSolutionNode = FALSE
	EndGlobalSection
	GlobalSection(ExtensibilityGlobals) = postSolution
		SolutionGuid = {D6452BEF-9AF6-4EB9-9668-E8A59EB838A9}
	EndGlobalSection
EndGlobal
